# This file is autogenerated, do not edit; changes may be undone by the next 'dep ensure'.


[[projects]]
  digest = "1:f1061f68d5c3bccb194d950cd2ffd2c0b1f848a39dac423c6984422723809348"
  name = "github.com/bdlm/errors"
  packages = ["."]
  pruneopts = "UT"
  revision = "4261cfedec68315454b163ae305cd34ecfc8b059"
  version = "v0.1.0"

[[projects]]
  digest = "1:43dd08a10854b2056e615d1b1d22ac94559d822e1f8b6fcc92c1a1057e85188e"
  name = "github.com/gorilla/websocket"
  packages = ["."]
  pruneopts = "UT"
  revision = "ea4d1f681babbce9545c9c5f3d5194a789c89f5b"
  version = "v1.2.0"

[[projects]]
  digest = "1:299ea00a02ce7d7f7d584a584857075e2bbca1d1e70d53d414e115387f4e1b61"
  name = "github.com/mkenney/go-chrome"
  packages = [
    "tot",
    "tot/accessibility",
    "tot/animation",
    "tot/application/cache",
    "tot/audits",
    "tot/browser",
    "tot/cache/storage",
    "tot/console",
    "tot/css",
    "tot/database",
    "tot/debugger",
    "tot/device/orientation",
    "tot/dom",
    "tot/dom/debugger",
    "tot/dom/snapshot",
    "tot/dom/storage",
    "tot/emulation",
    "tot/headless/experimental",
    "tot/heap/profiler",
    "tot/indexed/db",
    "tot/input",
    "tot/io",
    "tot/layer/tree",
    "tot/log",
    "tot/memory",
    "tot/network",
    "tot/overlay",
    "tot/page",
    "tot/performance",
    "tot/profiler",
    "tot/runtime",
    "tot/schema",
    "tot/security",
    "tot/service/worker",
    "tot/socket",
    "tot/storage",
    "tot/system/info",
    "tot/target",
    "tot/tethering",
    "tot/tracing",
  ]
  pruneopts = "UT"
  revision = "2c7643b4ebbd671f93ca9cfc76f4333c500b2808"
  version = "v1.0.0-rc3"

[[projects]]
  digest = "1:d867dfa6751c8d7a435821ad3b736310c2ed68945d05b50fb9d23aee0540c8cc"
  name = "github.com/sirupsen/logrus"
  packages = ["."]
  pruneopts = "UT"
  revision = "3e01752db0189b9157070a0e1668a620f9a85da2"
  version = "v1.0.6"

[[projects]]
  branch = "master"
  digest = "1:3f3a05ae0b95893d90b9b3b5afdb79a9b3d96e4e36e099d841ae602e4aca0da8"
  name = "golang.org/x/crypto"
  packages = ["ssh/terminal"]
  pruneopts = "UT"
  revision = "56440b844dfe139a8ac053f4ecac0b20b79058f4"

[[projects]]
  branch = "master"
  digest = "1:bdd70b95d2f0faaad6d9e259aad84738c6bdeb8f45245be6487e88df45f5a0f1"
  name = "golang.org/x/sys"
  packages = [
    "unix",
    "windows",
  ]
  pruneopts = "UT"
  revision = "0ffbfd41fbef8ffcf9b62b0b0aa3a5873ed7a4fe"

[solve-meta]
  analyzer-name = "dep"
  analyzer-version = 1
  input-imports = ["github.com/mkenney/go-chrome/tot"]
  solver-name = "gps-cdcl"
  solver-version = 1
